
Microsoft Visual Studio Solution File, Format Version 12.00
# Visual Studio Version 17
VisualStudioVersion = 17.6.33723.286
MinimumVisualStudioVersion = 10.0.40219.1
Project("{FAE04EC0-301F-11D3-BF4B-00C04F79EFBC}") = "Modelo_basado_en_BD_existente", "Modelo_basado_en_BD_existente.csproj", "{C8297029-D200-45CA-A9CB-C3A41F7A91F4}"
EndProject
Global
	GlobalSection(SolutionConfigurationPlatforms) = preSolution
		Debug|Any CPU = Debug|Any CPU
		Release|Any CPU = Release|Any CPU
	EndGlobalSection
	GlobalSection(ProjectConfigurationPlatforms) = postSolution
		{C8297029-D200-45CA-A9CB-C3A41F7A91F4}.Debug|Any CPU.ActiveCfg = Debug|Any CPU
		{C8297029-D200-45CA-A9CB-C3A41F7A91F4}.Debug|Any CPU.Build.0 = Debug|Any CPU
		{C8297029-D200-45CA-A9CB-C3A41F7A91F4}.Release|Any CPU.ActiveCfg = Release|Any CPU
		{C8297029-D200-45CA-A9CB-C3A41F7A91F4}.Release|Any CPU.Build.0 = Release|Any CPU
	EndGlobalSection
	GlobalSection(SolutionProperties) = preSolution
		HideSolutionNode = FALSE
	EndGlobalSection
	GlobalSection(ExtensibilityGlobals) = postSolution
		SolutionGuid = {2BD13750-89A3-4686-912A-0D41D09887B5}
	EndGlobalSection
EndGlobal
